
Microsoft Visual Studio Solution File, Format Version 12.00
# Visual Studio Version 17
VisualStudioVersion = 17.8.34316.72
MinimumVisualStudioVersion = 10.0.40219.1
Project("{FAE04EC0-301F-11D3-BF4B-00C04F79EFBC}") = "WindowsFormsAppGM23", "WindowsFormsAppGM23\WindowsFormsAppGM23.csproj", "{FA269C47-C167-405D-AE8F-5D75AFA8AD55}"
EndProject
Global
	GlobalSection(SolutionConfigurationPlatforms) = preSolution
		Debug|Any CPU = Debug|Any CPU
		Release|Any CPU = Release|Any CPU
	EndGlobalSection
	GlobalSection(ProjectConfigurationPlatforms) = postSolution
		{FA269C47-C167-405D-AE8F-5D75AFA8AD55}.Debug|Any CPU.ActiveCfg = Debug|Any CPU
		{FA269C47-C167-405D-AE8F-5D75AFA8AD55}.Debug|Any CPU.Build.0 = Debug|Any CPU
		{FA269C47-C167-405D-AE8F-5D75AFA8AD55}.Release|Any CPU.ActiveCfg = Release|Any CPU
		{FA269C47-C167-405D-AE8F-5D75AFA8AD55}.Release|Any CPU.Build.0 = Release|Any CPU
	EndGlobalSection
	GlobalSection(SolutionProperties) = preSolution
		HideSolutionNode = FALSE
	EndGlobalSection
	GlobalSection(ExtensibilityGlobals) = postSolution
		SolutionGuid = {50BB8EA7-0F2B-4F97-8A39-8511D41222A3}
	EndGlobalSection
EndGlobal
